version: 2.0
shards:
  cor:
    git: https://github.com/watzon/cor.git
    version: 0.1.0+git.commit.9c9e51ac6168f3bd4fdc51d679b65de09ef76cac

  ioctl:
    git: https://github.com/crystal-posix/ioctl.cr.git
    version: 0.1.2

  term-cursor:
    git: https://github.com/crystal-term/cursor.git
    version: 0.1.0+git.commit.8805d5f686d153db92cf2ce3333433f8ed3708d0

  term-prompt:
    git: https://github.com/crystal-term/prompt.git
    version: 0.1.0+git.commit.bf2b17f885a6c660aea0dda62b0b9da4343ab295

  term-reader:
    git: https://github.com/crystal-term/reader.git
    version: 0.1.0+git.commit.cd022d4d4628e5d9de47e669a770ccb7df412863

  term-screen:
    git: https://github.com/crystal-term/screen.git
    version: 0.1.0+git.commit.ea51ee8d1f6c286573c41a7e784d31c80af7b9bb

  term-spinner:
    git: https://github.com/crystal-term/spinner.git
    version: 0.1.0+git.commit.60350f9598335c559a8350d98fb2b9042e53290f

